
Microsoft Visual Studio Solution File, Format Version 12.00
# Visual Studio 2013
VisualStudioVersion = 12.0.30723.0
MinimumVisualStudioVersion = 10.0.40219.1
Project("{FAE04EC0-301F-11D3-BF4B-00C04F79EFBC}") = "HC_Logic2_3", "HC_Logic2_3\HC_Logic2_3.csproj", "{B2A21580-56ED-441F-B561-842146152BD4}"
EndProject
Global
	GlobalSection(SolutionConfigurationPlatforms) = preSolution
		Debug|Any CPU = Debug|Any CPU
		Debug|x64 = Debug|x64
		Release|Any CPU = Release|Any CPU
		Release|x64 = Release|x64
	EndGlobalSection
	GlobalSection(ProjectConfigurationPlatforms) = postSolution
		{B2A21580-56ED-441F-B561-842146152BD4}.Debug|Any CPU.ActiveCfg = Debug|x64
		{B2A21580-56ED-441F-B561-842146152BD4}.Debug|Any CPU.Build.0 = Debug|x64
		{B2A21580-56ED-441F-B561-842146152BD4}.Debug|x64.ActiveCfg = Debug|x64
		{B2A21580-56ED-441F-B561-842146152BD4}.Debug|x64.Build.0 = Debug|x64
		{B2A21580-56ED-441F-B561-842146152BD4}.Release|Any CPU.ActiveCfg = Release|Any CPU
		{B2A21580-56ED-441F-B561-842146152BD4}.Release|Any CPU.Build.0 = Release|Any CPU
		{B2A21580-56ED-441F-B561-842146152BD4}.Release|x64.ActiveCfg = Release|Any CPU
		{B2A21580-56ED-441F-B561-842146152BD4}.Release|x64.Build.0 = Release|Any CPU
	EndGlobalSection
	GlobalSection(SolutionProperties) = preSolution
		HideSolutionNode = FALSE
	EndGlobalSection
EndGlobal
